
Microsoft Visual Studio Solution File, Format Version 12.00
# Visual Studio Version 16
VisualStudioVersion = 16.0.30413.136
MinimumVisualStudioVersion = 10.0.40219.1
Project("{FAE04EC0-301F-11D3-BF4B-00C04F79EFBC}") = "BIExchangeRates.Client", "BIExchangeRates.Client\BIExchangeRates.Client.csproj", "{62ADB55E-FAEF-4DA7-8EDD-E632CE6A4AC3}"
EndProject
Global
	GlobalSection(SolutionConfigurationPlatforms) = preSolution
		Debug|Any CPU = Debug|Any CPU
		Release|Any CPU = Release|Any CPU
	EndGlobalSection
	GlobalSection(ProjectConfigurationPlatforms) = postSolution
		{62ADB55E-FAEF-4DA7-8EDD-E632CE6A4AC3}.Debug|Any CPU.ActiveCfg = Debug|Any CPU
		{62ADB55E-FAEF-4DA7-8EDD-E632CE6A4AC3}.Debug|Any CPU.Build.0 = Debug|Any CPU
		{62ADB55E-FAEF-4DA7-8EDD-E632CE6A4AC3}.Release|Any CPU.ActiveCfg = Release|Any CPU
		{62ADB55E-FAEF-4DA7-8EDD-E632CE6A4AC3}.Release|Any CPU.Build.0 = Release|Any CPU
	EndGlobalSection
	GlobalSection(SolutionProperties) = preSolution
		HideSolutionNode = FALSE
	EndGlobalSection
	GlobalSection(ExtensibilityGlobals) = postSolution
		SolutionGuid = {D8F295EF-CC5F-4838-B8C7-80A5F286FD69}
	EndGlobalSection
EndGlobal
